{
  "name": "core_smart_wallet",
  "version": "1.0.0",
  "lockfileVersion": 2,
  "requires": true,
  "packages": {
    "": {
      "name": "core_smart_wallet",
      "version": "1.0.0",
      "license": "ISC",
      "dependencies": {
        "@openzeppelin/contracts": "^3.2.1-solc-0.7",
        "autoprefixer": "10.4.5",
        "bootstrap": "^5.1.3"
      }
    },
    "node_modules/@openzeppelin/contracts": {
      "version": "3.2.1-solc-0.7",
      "resolved": "https://registry.npmjs.org/@openzeppelin/contracts/-/contracts-3.2.1-solc-0.7.tgz",
      "integrity": "sha512-VfKZE9L2HNaZVBR7l5yHbRmap3EiVw9F5iVXRRDdgfnA9vQ1yFanrs0VYmdo2VIXC+EsI9wPPYZY9Ic7/qDBdw=="
    },
    "node_modules/@popperjs/core": {
      "version": "2.11.5",
      "resolved": "https://registry.npmjs.org/@popperjs/core/-/core-2.11.5.tgz",
      "integrity": "sha512-9X2obfABZuDVLCgPK9aX0a/x4jaOEweTTWE2+9sr0Qqqevj2Uv5XorvusThmc9XGYpS9yI+fhh8RTafBtGposw==",
      "peer": true,
      "funding": {
        "type": "opencollective",
        "url": "https://opencollective.com/popperjs"
      }
    },
    "node_modules/autoprefixer": {
      "version": "10.4.5",
      "resolved": "https://registry.npmjs.org/autoprefixer/-/autoprefixer-10.4.5.tgz",
      "integrity": "sha512-Fvd8yCoA7lNX/OUllvS+aS1I7WRBclGXsepbvT8ZaPgrH24rgXpZzF0/6Hh3ZEkwg+0AES/Osd196VZmYoEFtw==",
      "funding": [
        {
          "type": "opencollective",
          "url": "https://opencollective.com/postcss/"
        },
        {
          "type": "tidelift",
          "url": "https://tidelift.com/funding/github/npm/autoprefixer"
        }
      ],
      "dependencies": {
        "browserslist": "^4.20.2",
        "caniuse-lite": "^1.0.30001332",
        "fraction.js": "^4.2.0",
        "normalize-range": "^0.1.2",
        "picocolors": "^1.0.0",
        "postcss-value-parser": "^4.2.0"
      },
      "bin": {
        "autoprefixer": "bin/autoprefixer"
      },
      "engines": {
        "node": "^10 || ^12 || >=14"
      },
      "peerDependencies": {
        "postcss": "^8.1.0"
      }
    },
    "node_modules/bootstrap": {
      "version": "5.1.3",
      "resolved": "https://registry.npmjs.org/bootstrap/-/bootstrap-5.1.3.tgz",
      "integrity": "sha512-fcQztozJ8jToQWXxVuEyXWW+dSo8AiXWKwiSSrKWsRB/Qt+Ewwza+JWoLKiTuQLaEPhdNAJ7+Dosc9DOIqNy7Q==",
      "funding": {
        "type": "opencollective",
        "url": "https://opencollective.com/bootstrap"
      },
      "peerDependencies": {
        "@popperjs/core": "^2.10.2"
      }
    },
    "node_modules/browserslist": {
      "version": "4.20.3",
      "resolved": "https://registry.npmjs.org/browserslist/-/browserslist-4.20.3.tgz",
      "integrity": "sha512-NBhymBQl1zM0Y5dQT/O+xiLP9/rzOIQdKM/eMJBAq7yBgaB6krIYLGejrwVYnSHZdqjscB1SPuAjHwxjvN6Wdg==",
      "funding": [
        {
          "type": "opencollective",
          "url": "https://opencollective.com/browserslist"
        },
        {
          "type": "tidelift",
          "url": "https://tidelift.com/funding/github/npm/browserslist"
        }
      ],
      "dependencies": {
        "caniuse-lite": "^1.0.30001332",
        "electron-to-chromium": "^1.4.118",
        "escalade": "^3.1.1",
        "node-releases": "^2.0.3",
        "picocolors": "^1.0.0"
      },
      "bin": {
        "browserslist": "cli.js"
      },
      "engines": {
        "node": "^6 || ^7 || ^8 || ^9 || ^10 || ^11 || ^12 || >=13.7"
      }
    },
    "node_modules/caniuse-lite": {
      "version": "1.0.30001341",
      "resolved": "https://registry.npmjs.org/caniuse-lite/-/caniuse-lite-1.0.30001341.tgz",
      "integrity": "sha512-2SodVrFFtvGENGCv0ChVJIDQ0KPaS1cg7/qtfMaICgeMolDdo/Z2OD32F0Aq9yl6F4YFwGPBS5AaPqNYiW4PoA==",
      "funding": [
        {
          "type": "opencollective",
          "url": "https://opencollective.com/browserslist"
        },
        {
          "type": "tidelift",
          "url": "https://tidelift.com/funding/github/npm/caniuse-lite"
        }
      ]
    },
    "node_modules/electron-to-chromium": {
      "version": "1.4.137",
      "resolved": "https://registry.npmjs.org/electron-to-chromium/-/electron-to-chromium-1.4.137.tgz",
      "integrity": "sha512-0Rcpald12O11BUogJagX3HsCN3FE83DSqWjgXoHo5a72KUKMSfI39XBgJpgNNxS9fuGzytaFjE06kZkiVFy2qA=="
    },
    "node_modules/escalade": {
      "version": "3.1.1",
      "resolved": "https://registry.npmjs.org/escalade/-/escalade-3.1.1.tgz",
      "integrity": "sha512-k0er2gUkLf8O0zKJiAhmkTnJlTvINGv7ygDNPbeIsX/TJjGJZHuh9B2UxbsaEkmlEo9MfhrSzmhIlhRlI2GXnw==",
      "engines": {
        "node": ">=6"
      }
    },
    "node_modules/fraction.js": {
      "version": "4.2.0",
      "resolved": "https://registry.npmjs.org/fraction.js/-/fraction.js-4.2.0.tgz",
      "integrity": "sha512-MhLuK+2gUcnZe8ZHlaaINnQLl0xRIGRfcGk2yl8xoQAfHrSsL3rYu6FCmBdkdbhc9EPlwyGHewaRsvwRMJtAlA==",
      "engines": {
        "node": "*"
      },
      "funding": {
        "type": "patreon",
        "url": "https://www.patreon.com/infusion"
      }
    },
    "node_modules/nanoid": {
      "version": "3.3.4",
      "resolved": "https://registry.npmjs.org/nanoid/-/nanoid-3.3.4.tgz",
      "integrity": "sha512-MqBkQh/OHTS2egovRtLk45wEyNXwF+cokD+1YPf9u5VfJiRdAiRwB2froX5Co9Rh20xs4siNPm8naNotSD6RBw==",
      "peer": true,
      "bin": {
        "nanoid": "bin/nanoid.cjs"
      },
      "engines": {
        "node": "^10 || ^12 || ^13.7 || ^14 || >=15.0.1"
      }
    },
    "node_modules/node-releases": {
      "version": "2.0.4",
      "resolved": "https://registry.npmjs.org/node-releases/-/node-releases-2.0.4.tgz",
      "integrity": "sha512-gbMzqQtTtDz/00jQzZ21PQzdI9PyLYqUSvD0p3naOhX4odFji0ZxYdnVwPTxmSwkmxhcFImpozceidSG+AgoPQ=="
    },
    "node_modules/normalize-range": {
      "version": "0.1.2",
      "resolved": "https://registry.npmjs.org/normalize-range/-/normalize-range-0.1.2.tgz",
      "integrity": "sha1-LRDAa9/TEuqXd2laTShDlFa3WUI=",
      "engines": {
        "node": ">=0.10.0"
      }
    },
    "node_modules/picocolors": {
      "version": "1.0.0",
      "resolved": "https://registry.npmjs.org/picocolors/-/picocolors-1.0.0.tgz",
      "integrity": "sha512-1fygroTLlHu66zi26VoTDv8yRgm0Fccecssto+MhsZ0D/DGW2sm8E8AjW7NU5VVTRt5GxbeZ5qBuJr+HyLYkjQ=="
    },
    "node_modules/postcss": {
      "version": "8.4.13",
      "resolved": "https://registry.npmjs.org/postcss/-/postcss-8.4.13.tgz",
      "integrity": "sha512-jtL6eTBrza5MPzy8oJLFuUscHDXTV5KcLlqAWHl5q5WYRfnNRGSmOZmOZ1T6Gy7A99mOZfqungmZMpMmCVJ8ZA==",
      "funding": [
        {
          "type": "opencollective",
          "url": "https://opencollective.com/postcss/"
        },
        {
          "type": "tidelift",
          "url": "https://tidelift.com/funding/github/npm/postcss"
        }
      ],
      "peer": true,
      "dependencies": {
        "nanoid": "^3.3.3",
        "picocolors": "^1.0.0",
        "source-map-js": "^1.0.2"
      },
      "engines": {
        "node": "^10 || ^12 || >=14"
      }
    },
    "node_modules/postcss-value-parser": {
      "version": "4.2.0",
      "resolved": "https://registry.npmjs.org/postcss-value-parser/-/postcss-value-parser-4.2.0.tgz",
      "integrity": "sha512-1NNCs6uurfkVbeXG4S8JFT9t19m45ICnif8zWLd5oPSZ50QnwMfK+H3jv408d4jw/7Bttv5axS5IiHoLaVNHeQ=="
    },
    "node_modules/source-map-js": {
      "version": "1.0.2",
      "resolved": "https://registry.npmjs.org/source-map-js/-/source-map-js-1.0.2.tgz",
      "integrity": "sha512-R0XvVJ9WusLiqTCEiGCmICCMplcCkIwwR11mOSD9CR5u+IXYdiseeEuXCVAjS54zqwkLcPNnmU4OeJ6tUrWhDw==",
      "peer": true,
      "engines": {
        "node": ">=0.10.0"
      }
    }
  },
  "dependencies": {
    "@openzeppelin/contracts": {
      "version": "3.2.1-solc-0.7",
      "resolved": "https://registry.npmjs.org/@openzeppelin/contracts/-/contracts-3.2.1-solc-0.7.tgz",
      "integrity": "sha512-VfKZE9L2HNaZVBR7l5yHbRmap3EiVw9F5iVXRRDdgfnA9vQ1yFanrs0VYmdo2VIXC+EsI9wPPYZY9Ic7/qDBdw=="
    },
    "@popperjs/core": {
      "version": "2.11.5",
      "resolved": "https://registry.npmjs.org/@popperjs/core/-/core-2.11.5.tgz",
      "integrity": "sha512-9X2obfABZuDVLCgPK9aX0a/x4jaOEweTTWE2+9sr0Qqqevj2Uv5XorvusThmc9XGYpS9yI+fhh8RTafBtGposw==",
      "peer": true
    },
    "autoprefixer": {
      "version": "10.4.5",
      "resolved": "https://registry.npmjs.org/autoprefixer/-/autoprefixer-10.4.5.tgz",
      "integrity": "sha512-Fvd8yCoA7lNX/OUllvS+aS1I7WRBclGXsepbvT8ZaPgrH24rgXpZzF0/6Hh3ZEkwg+0AES/Osd196VZmYoEFtw==",
      "requires": {
        "browserslist": "^4.20.2",
        "caniuse-lite": "^1.0.30001332",
        "fraction.js": "^4.2.0",
        "normalize-range": "^0.1.2",
        "picocolors": "^1.0.0",
        "postcss-value-parser": "^4.2.0"
      }
    },
    "bootstrap": {
      "version": "5.1.3",
      "resolved": "https://registry.npmjs.org/bootstrap/-/bootstrap-5.1.3.tgz",
      "integrity": "sha512-fcQztozJ8jToQWXxVuEyXWW+dSo8AiXWKwiSSrKWsRB/Qt+Ewwza+JWoLKiTuQLaEPhdNAJ7+Dosc9DOIqNy7Q==",
      "requires": {}
    },
    "browserslist": {
      "version": "4.20.3",
      "resolved": "https://registry.npmjs.org/browserslist/-/browserslist-4.20.3.tgz",
      "integrity": "sha512-NBhymBQl1zM0Y5dQT/O+xiLP9/rzOIQdKM/eMJBAq7yBgaB6krIYLGejrwVYnSHZdqjscB1SPuAjHwxjvN6Wdg==",
      "requires": {
        "caniuse-lite": "^1.0.30001332",
        "electron-to-chromium": "^1.4.118",
        "escalade": "^3.1.1",
        "node-releases": "^2.0.3",
        "picocolors": "^1.0.0"
      }
    },
    "caniuse-lite": {
      "version": "1.0.30001341",
      "resolved": "https://registry.npmjs.org/caniuse-lite/-/caniuse-lite-1.0.30001341.tgz",
      "integrity": "sha512-2SodVrFFtvGENGCv0ChVJIDQ0KPaS1cg7/qtfMaICgeMolDdo/Z2OD32F0Aq9yl6F4YFwGPBS5AaPqNYiW4PoA=="
    },
    "electron-to-chromium": {
      "version": "1.4.137",
      "resolved": "https://registry.npmjs.org/electron-to-chromium/-/electron-to-chromium-1.4.137.tgz",
      "integrity": "sha512-0Rcpald12O11BUogJagX3HsCN3FE83DSqWjgXoHo5a72KUKMSfI39XBgJpgNNxS9fuGzytaFjE06kZkiVFy2qA=="
    },
    "escalade": {
      "version": "3.1.1",
      "resolved": "https://registry.npmjs.org/escalade/-/escalade-3.1.1.tgz",
      "integrity": "sha512-k0er2gUkLf8O0zKJiAhmkTnJlTvINGv7ygDNPbeIsX/TJjGJZHuh9B2UxbsaEkmlEo9MfhrSzmhIlhRlI2GXnw=="
    },
    "fraction.js": {
      "version": "4.2.0",
      "resolved": "https://registry.npmjs.org/fraction.js/-/fraction.js-4.2.0.tgz",
      "integrity": "sha512-MhLuK+2gUcnZe8ZHlaaINnQLl0xRIGRfcGk2yl8xoQAfHrSsL3rYu6FCmBdkdbhc9EPlwyGHewaRsvwRMJtAlA=="
    },
    "nanoid": {
      "version": "3.3.4",
      "resolved": "https://registry.npmjs.org/nanoid/-/nanoid-3.3.4.tgz",
      "integrity": "sha512-MqBkQh/OHTS2egovRtLk45wEyNXwF+cokD+1YPf9u5VfJiRdAiRwB2froX5Co9Rh20xs4siNPm8naNotSD6RBw==",
      "peer": true
    },
    "node-releases": {
      "version": "2.0.4",
      "resolved": "https://registry.npmjs.org/node-releases/-/node-releases-2.0.4.tgz",
      "integrity": "sha512-gbMzqQtTtDz/00jQzZ21PQzdI9PyLYqUSvD0p3naOhX4odFji0ZxYdnVwPTxmSwkmxhcFImpozceidSG+AgoPQ=="
    },
    "normalize-range": {
      "version": "0.1.2",
      "resolved": "https://registry.npmjs.org/normalize-range/-/normalize-range-0.1.2.tgz",
      "integrity": "sha1-LRDAa9/TEuqXd2laTShDlFa3WUI="
    },
    "picocolors": {
      "version": "1.0.0",
      "resolved": "https://registry.npmjs.org/picocolors/-/picocolors-1.0.0.tgz",
      "integrity": "sha512-1fygroTLlHu66zi26VoTDv8yRgm0Fccecssto+MhsZ0D/DGW2sm8E8AjW7NU5VVTRt5GxbeZ5qBuJr+HyLYkjQ=="
    },
    "postcss": {
      "version": "8.4.13",
      "resolved": "https://registry.npmjs.org/postcss/-/postcss-8.4.13.tgz",
      "integrity": "sha512-jtL6eTBrza5MPzy8oJLFuUscHDXTV5KcLlqAWHl5q5WYRfnNRGSmOZmOZ1T6Gy7A99mOZfqungmZMpMmCVJ8ZA==",
      "peer": true,
      "requires": {
        "nanoid": "^3.3.3",
        "picocolors": "^1.0.0",
        "source-map-js": "^1.0.2"
      }
    },
    "postcss-value-parser": {
      "version": "4.2.0",
      "resolved": "https://registry.npmjs.org/postcss-value-parser/-/postcss-value-parser-4.2.0.tgz",
      "integrity": "sha512-1NNCs6uurfkVbeXG4S8JFT9t19m45ICnif8zWLd5oPSZ50QnwMfK+H3jv408d4jw/7Bttv5axS5IiHoLaVNHeQ=="
    },
    "source-map-js": {
      "version": "1.0.2",
      "resolved": "https://registry.npmjs.org/source-map-js/-/source-map-js-1.0.2.tgz",
      "integrity": "sha512-R0XvVJ9WusLiqTCEiGCmICCMplcCkIwwR11mOSD9CR5u+IXYdiseeEuXCVAjS54zqwkLcPNnmU4OeJ6tUrWhDw==",
      "peer": true
    }
  }
}
